// !$*UTF8*$!
{
	archiveVersion = 1;
	classes = {
	};
	objectVersion = 54;
	objects = {

/* Begin PBXBuildFile section */
		00E356F31AD99517003FC87E /* CoffeeShopTests.m in Sources */ = {isa = PBXBuildFile; fileRef = 00E356F21AD99517003FC87E /* CoffeeShopTests.m */; };
		0C80B921A6F3F58F76C31292 /* libPods-CoffeeShop.a in Frameworks */ = {isa = PBXBuildFile; fileRef = 5DCACB8F33CDC322A6C60F78 /* libPods-CoffeeShop.a */; };
		13B07FBC1A68108700A75B9A /* AppDelegate.mm in Sources */ = {isa = PBXBuildFile; fileRef = 13B07FB01A68108700A75B9A /* AppDelegate.mm */; };
		13B07FBF1A68108700A75B9A /* Images.xcassets in Resources */ = {isa = PBXBuildFile; fileRef = 13B07FB51A68108700A75B9A /* Images.xcassets */; };
		13B07FC11A68108700A75B9A /* main.m in Sources */ = {isa = PBXBuildFile; fileRef = 13B07FB71A68108700A75B9A /* main.m */; };
		7699B88040F8A987B510C191 /* libPods-CoffeeShop-CoffeeShopTests.a in Frameworks */ = {isa = PBXBuildFile; fileRef = 19F6CBCC0A4E27FBF8BF4A61 /* libPods-CoffeeShop-CoffeeShopTests.a */; };
		81AB9BB82411601600AC10FF /* LaunchScreen.storyboard in Resources */ = {isa = PBXBuildFile; fileRef = 81AB9BB72411601600AC10FF /* LaunchScreen.storyboard */; };
		68200565FB044188ADCCE4DA /* app_icons.ttf in Resources */ = {isa = PBXBuildFile; fileRef = F30D63FDC85946FAAC90044E /* app_icons.ttf */; };
		48D20AEC81854392A2740806 /* Poppins-Black.ttf in Resources */ = {isa = PBXBuildFile; fileRef = 39B4126419AA4B999A552866 /* Poppins-Black.ttf */; };
		0F6FBB515D6D4F10845FB6CF /* Poppins-Bold.ttf in Resources */ = {isa = PBXBuildFile; fileRef = EC54C456B23441F5953E3E31 /* Poppins-Bold.ttf */; };
		F9F40ED2B1AC4E7AAE5EEDF1 /* Poppins-ExtraBold.ttf in Resources */ = {isa = PBXBuildFile; fileRef = 2DC5BE98F7C4404F843FF7A8 /* Poppins-ExtraBold.ttf */; };
		64444EAC1C4A4256BD2F354F /* Poppins-ExtraLight.ttf in Resources */ = {isa = PBXBuildFile; fileRef = 6426248F59034E0D8E3F4C24 /* Poppins-ExtraLight.ttf */; };
		BA7E467AFFAC455FBCDCADAE /* Poppins-Light.ttf in Resources */ = {isa = PBXBuildFile; fileRef = 9588475EDC3A4840BDC93C92 /* Poppins-Light.ttf */; };
		1A8DD8F44EC64055B9837D28 /* Poppins-Medium.ttf in Resources */ = {isa = PBXBuildFile; fileRef = AB00397928D14E9F8FAEF447 /* Poppins-Medium.ttf */; };
		AF4177F08FE44C0F9EC92086 /* Poppins-Regular.ttf in Resources */ = {isa = PBXBuildFile; fileRef = 3AC0817AD804458488061942 /* Poppins-Regular.ttf */; };
		3E045C8742094FF1991CAAC8 /* Poppins-SemiBold.ttf in Resources */ = {isa = PBXBuildFile; fileRef = C727989E0C784A2E849FBF2A /* Poppins-SemiBold.ttf */; };
		BA0D19483227473896AEB416 /* Poppins-Thin.ttf in Resources */ = {isa = PBXBuildFile; fileRef = C2F3BEEFDEFA40A99D0972E8 /* Poppins-Thin.ttf */; };
		7171D9C364C94EDBA18B21BB /* amazonpay.png in Resources */ = {isa = PBXBuildFile; fileRef = 85BA9D9A089240139D0C7B57 /* amazonpay.png */; };
		A8FB1860D05C462990280C0A /* applepay.png in Resources */ = {isa = PBXBuildFile; fileRef = 44196E1187434A77BB2DF7D4 /* applepay.png */; };
		0119754D56CA428FAFE80DA2 /* avatar.png in Resources */ = {isa = PBXBuildFile; fileRef = 56E4F988B6694177823605AC /* avatar.png */; };
		440E8F0A40D84A0388D7E8E9 /* gpay.png in Resources */ = {isa = PBXBuildFile; fileRef = 4D1CC423DAA446F7B812AF87 /* gpay.png */; };
		8A64D06422034ED587344B50 /* americano_pic_1_portrait.png in Resources */ = {isa = PBXBuildFile; fileRef = 24924B8507D9464482777489 /* americano_pic_1_portrait.png */; };
		E6B15EDD43654C18B0392441 /* americano_pic_2_portrait.png in Resources */ = {isa = PBXBuildFile; fileRef = B3A96A84DCD84002B387C457 /* americano_pic_2_portrait.png */; };
		412395CCAA1446389EB5F2B8 /* americano_pic_3_portrait.png in Resources */ = {isa = PBXBuildFile; fileRef = 3D20566451794EB59185CA91 /* americano_pic_3_portrait.png */; };
		40DA9237D28542E4965C3239 /* americano_pic_1_square.png in Resources */ = {isa = PBXBuildFile; fileRef = 553189A36C4F412C9D6C359C /* americano_pic_1_square.png */; };
		A3021387812F4103956D276E /* americano_pic_2_square.png in Resources */ = {isa = PBXBuildFile; fileRef = 4BC8E2C911454BBEA3E9AA08 /* americano_pic_2_square.png */; };
		CDF3898BCCBB487DB0D2C71D /* americano_pic_3_square.png in Resources */ = {isa = PBXBuildFile; fileRef = 44D4B02A3F9C4464AD764880 /* americano_pic_3_square.png */; };
		84E49F9CABFA40CB8BB79151 /* arabica_coffee_beans_portrait.png in Resources */ = {isa = PBXBuildFile; fileRef = C3FFE4A7EABE40D4AFFEA9E6 /* arabica_coffee_beans_portrait.png */; };
		28F9644F8E0D46E58783CC42 /* arabica_coffee_beans_square.png in Resources */ = {isa = PBXBuildFile; fileRef = A85A7C596BAB48709C031BFE /* arabica_coffee_beans_square.png */; };
		0B7ACE4A3D2D43AA988E5319 /* black_coffee_pic_1_portrait.png in Resources */ = {isa = PBXBuildFile; fileRef = DB37E1BA13BB4C8787A1A886 /* black_coffee_pic_1_portrait.png */; };
		005AA94C15554339878178C9 /* black_coffee_pic_2_portrait.png in Resources */ = {isa = PBXBuildFile; fileRef = 317C29BE55D14CF4930FD319 /* black_coffee_pic_2_portrait.png */; };
		0BB1739E83CA4066819A0411 /* black_coffee_pic_3_portrait.png in Resources */ = {isa = PBXBuildFile; fileRef = B4155076E0ED435281D4FC5D /* black_coffee_pic_3_portrait.png */; };
		623364B2A3CC4A9B9E6B5925 /* black_coffee_pic_1_square.png in Resources */ = {isa = PBXBuildFile; fileRef = EB94010DBF514544902C443D /* black_coffee_pic_1_square.png */; };
		4CD0659C24134A78855CE13D /* black_coffee_pic_2_square.png in Resources */ = {isa = PBXBuildFile; fileRef = A0AD608831D14770BBB7BEB2 /* black_coffee_pic_2_square.png */; };
		E3B3BD2159CF418D955A98AE /* black_coffee_pic_3_square.png in Resources */ = {isa = PBXBuildFile; fileRef = A4A85B78EC2144859B7513D8 /* black_coffee_pic_3_square.png */; };
		64E862C567BB4547B7DE0189 /* cappuccino_pic_1_portrait.png in Resources */ = {isa = PBXBuildFile; fileRef = D52AC1239CC84BA6AA14F14B /* cappuccino_pic_1_portrait.png */; };
		034EED65385A40D98DFB8C8D /* cappuccino_pic_2_portrait.png in Resources */ = {isa = PBXBuildFile; fileRef = 44D44CB9182C42B283877A0F /* cappuccino_pic_2_portrait.png */; };
		8F076D2D318047199FAD0F21 /* cappuccino_pic_3_portrait.png in Resources */ = {isa = PBXBuildFile; fileRef = 59043D85CB6A4D8D996662CE /* cappuccino_pic_3_portrait.png */; };
		6267B3BD9F0646C99DF9CCBD /* cappuccino_pic_1_square.png in Resources */ = {isa = PBXBuildFile; fileRef = 028C25E3E02F402CA58975C0 /* cappuccino_pic_1_square.png */; };
		C5DA61FFE05941569F7D338E /* cappuccino_pic_2_square.png in Resources */ = {isa = PBXBuildFile; fileRef = D485180FE15F434CB035C7F9 /* cappuccino_pic_2_square.png */; };
		F068BD175A574DDBBD49A327 /* cappuccino_pic_3_square.png in Resources */ = {isa = PBXBuildFile; fileRef = 550EAA7B9DAB4F11A2FA80D1 /* cappuccino_pic_3_square.png */; };
		0F4583FBD7244E1396120174 /* espresso_pic_1_portrait.png in Resources */ = {isa = PBXBuildFile; fileRef = BBCD4F7373AC40B585D85223 /* espresso_pic_1_portrait.png */; };
		9C732A8AD84B44A982E3A92C /* espresso_pic_2_portrait.png in Resources */ = {isa = PBXBuildFile; fileRef = CAD09B49AFF4401994320715 /* espresso_pic_2_portrait.png */; };
		C2FBD88DDCE44701A5729E4D /* espresso_pic_3_portrait.png in Resources */ = {isa = PBXBuildFile; fileRef = A9EEE6B5280C4D85AF5467EB /* espresso_pic_3_portrait.png */; };
		2E2DD2C52EE44A49A1A2155C /* espresso_pic_1_square.png in Resources */ = {isa = PBXBuildFile; fileRef = 7E166060D1F9460DBB184F20 /* espresso_pic_1_square.png */; };
		DACFC8787A1840B891B3DC5E /* espresso_pic_2_square.png in Resources */ = {isa = PBXBuildFile; fileRef = 6B3CEAD7F20F44DB8E624F67 /* espresso_pic_2_square.png */; };
		6ACF8936D84C4ADC9D01223E /* espresso_pic_3_square.png in Resources */ = {isa = PBXBuildFile; fileRef = DEDC9E8BA675425DB2CF62EE /* espresso_pic_3_square.png */; };
		56A8A2BAD9994D8094104262 /* excelsa_coffee_beans_portrait.png in Resources */ = {isa = PBXBuildFile; fileRef = C44E7A955E4F42C29E1E181A /* excelsa_coffee_beans_portrait.png */; };
		4E81243887DD40A6ACC2AADC /* excelsa_coffee_beans_square.png in Resources */ = {isa = PBXBuildFile; fileRef = 73C4C01D5387460880A11371 /* excelsa_coffee_beans_square.png */; };
		4EC29362EB3E4A06AA042982 /* latte_pic_1_portrait.png in Resources */ = {isa = PBXBuildFile; fileRef = DFB05F360C2945C19B729780 /* latte_pic_1_portrait.png */; };
		BAD996F42ABD4B63AA084AF6 /* latte_pic_2_portrait.png in Resources */ = {isa = PBXBuildFile; fileRef = 483AA4C2E6AE4329A7FDDB02 /* latte_pic_2_portrait.png */; };
		CDAA66720B464E1A8D19CBE3 /* latte_pic_3_portrait.png in Resources */ = {isa = PBXBuildFile; fileRef = 2937DF583A40488DB71020C9 /* latte_pic_3_portrait.png */; };
		EF65ACA3BE734C27828E42E5 /* latte_pic_1_square.png in Resources */ = {isa = PBXBuildFile; fileRef = BDCCAFE728D245669E44A3D7 /* latte_pic_1_square.png */; };
		7277ED8E740246ADB8EAF9A5 /* latte_pic_2_square.png in Resources */ = {isa = PBXBuildFile; fileRef = 34605A29A83C4B39B882D49C /* latte_pic_2_square.png */; };
		B0BC0BC6B44C426EA65DF412 /* latte_pic_3_square.png in Resources */ = {isa = PBXBuildFile; fileRef = 134EF0B967054707BAEFA1A1 /* latte_pic_3_square.png */; };
		D3EA9D0ED6934DCDAE7260C0 /* liberica_coffee_beans_portrait.png in Resources */ = {isa = PBXBuildFile; fileRef = 8997393C48A8486D89BA9010 /* liberica_coffee_beans_portrait.png */; };
		4E10A92E06894E309D91899C /* liberica_coffee_beans_square.png in Resources */ = {isa = PBXBuildFile; fileRef = 9D9DF7DB947743C0920C2DAF /* liberica_coffee_beans_square.png */; };
		6CB368766D3A4630ADDDDCE2 /* macchiato_pic_1_portrait.png in Resources */ = {isa = PBXBuildFile; fileRef = 364D4AF47A9644689F1B1459 /* macchiato_pic_1_portrait.png */; };
		CD8676A99E5D47F89946BEF6 /* macchiato_pic_2_portrait.png in Resources */ = {isa = PBXBuildFile; fileRef = 43EB543DB2E545E78F448AA7 /* macchiato_pic_2_portrait.png */; };
		C9D9C66915A4493B9D7380C9 /* macchiato_pic_3_portrait.png in Resources */ = {isa = PBXBuildFile; fileRef = F1F22481926A4B789E102C28 /* macchiato_pic_3_portrait.png */; };
		31DA91E2BC55449099CB0C2C /* macchiato_pic_1_square.png in Resources */ = {isa = PBXBuildFile; fileRef = 4191C1B5D33B44AF92BBFDEC /* macchiato_pic_1_square.png */; };
		A0177B11CE9B497A864E911F /* macchiato_pic_2_square.png in Resources */ = {isa = PBXBuildFile; fileRef = 8B749331111842AA8465C7B4 /* macchiato_pic_2_square.png */; };
		47552C3B6E3644B69BF3385E /* macchiato_pic_3_square.png in Resources */ = {isa = PBXBuildFile; fileRef = FD4EB696E46642D4847A2E18 /* macchiato_pic_3_square.png */; };
		7140AC85EDA54C85B8EEE201 /* robusta_coffee_beans_portrait.png in Resources */ = {isa = PBXBuildFile; fileRef = 890D3E0517194A40B7D71581 /* robusta_coffee_beans_portrait.png */; };
		BC6C02F9213D4980997E875F /* robusta_coffee_beans_square.png in Resources */ = {isa = PBXBuildFile; fileRef = B9D90BED95AE43D6BE45DF41 /* robusta_coffee_beans_square.png */; };
/* End PBXBuildFile section */

/* Begin PBXContainerItemProxy section */
		00E356F41AD99517003FC87E /* PBXContainerItemProxy */ = {
			isa = PBXContainerItemProxy;
			containerPortal = 83CBB9F71A601CBA00E9B192;
			proxyType = 1;
			remoteGlobalIDString = 13B07F861A680F5B00A75B9A;
			remoteInfo = CoffeeShop;
		};
/* End PBXContainerItemProxy section */

/* Begin PBXFileReference section */
		00E356EE1AD99517003FC87E /* CoffeeShopTests.xctest */ = {isa = PBXFileReference; explicitFileType = wrapper.cfbundle; includeInIndex = 0; path = CoffeeShopTests.xctest; sourceTree = BUILT_PRODUCTS_DIR; };
		00E356F11AD99517003FC87E /* Info.plist */ = {isa = PBXFileReference; lastKnownFileType = text.plist.xml; path = Info.plist; sourceTree = "<group>"; };
		00E356F21AD99517003FC87E /* CoffeeShopTests.m */ = {isa = PBXFileReference; lastKnownFileType = sourcecode.c.objc; path = CoffeeShopTests.m; sourceTree = "<group>"; };
		13B07F961A680F5B00A75B9A /* CoffeeShop.app */ = {isa = PBXFileReference; explicitFileType = wrapper.application; includeInIndex = 0; path = CoffeeShop.app; sourceTree = BUILT_PRODUCTS_DIR; };
		13B07FAF1A68108700A75B9A /* AppDelegate.h */ = {isa = PBXFileReference; fileEncoding = 4; lastKnownFileType = sourcecode.c.h; name = AppDelegate.h; path = CoffeeShop/AppDelegate.h; sourceTree = "<group>"; };
		13B07FB01A68108700A75B9A /* AppDelegate.mm */ = {isa = PBXFileReference; fileEncoding = 4; lastKnownFileType = sourcecode.cpp.objcpp; name = AppDelegate.mm; path = CoffeeShop/AppDelegate.mm; sourceTree = "<group>"; };
		13B07FB51A68108700A75B9A /* Images.xcassets */ = {isa = PBXFileReference; lastKnownFileType = folder.assetcatalog; name = Images.xcassets; path = CoffeeShop/Images.xcassets; sourceTree = "<group>"; };
		13B07FB61A68108700A75B9A /* Info.plist */ = {isa = PBXFileReference; fileEncoding = 4; lastKnownFileType = text.plist.xml; name = Info.plist; path = CoffeeShop/Info.plist; sourceTree = "<group>"; };
		13B07FB71A68108700A75B9A /* main.m */ = {isa = PBXFileReference; fileEncoding = 4; lastKnownFileType = sourcecode.c.objc; name = main.m; path = CoffeeShop/main.m; sourceTree = "<group>"; };
		19F6CBCC0A4E27FBF8BF4A61 /* libPods-CoffeeShop-CoffeeShopTests.a */ = {isa = PBXFileReference; explicitFileType = archive.ar; includeInIndex = 0; path = "libPods-CoffeeShop-CoffeeShopTests.a"; sourceTree = BUILT_PRODUCTS_DIR; };
		3B4392A12AC88292D35C810B /* Pods-CoffeeShop.debug.xcconfig */ = {isa = PBXFileReference; includeInIndex = 1; lastKnownFileType = text.xcconfig; name = "Pods-CoffeeShop.debug.xcconfig"; path = "Target Support Files/Pods-CoffeeShop/Pods-CoffeeShop.debug.xcconfig"; sourceTree = "<group>"; };
		5709B34CF0A7D63546082F79 /* Pods-CoffeeShop.release.xcconfig */ = {isa = PBXFileReference; includeInIndex = 1; lastKnownFileType = text.xcconfig; name = "Pods-CoffeeShop.release.xcconfig"; path = "Target Support Files/Pods-CoffeeShop/Pods-CoffeeShop.release.xcconfig"; sourceTree = "<group>"; };
		5B7EB9410499542E8C5724F5 /* Pods-CoffeeShop-CoffeeShopTests.debug.xcconfig */ = {isa = PBXFileReference; includeInIndex = 1; lastKnownFileType = text.xcconfig; name = "Pods-CoffeeShop-CoffeeShopTests.debug.xcconfig"; path = "Target Support Files/Pods-CoffeeShop-CoffeeShopTests/Pods-CoffeeShop-CoffeeShopTests.debug.xcconfig"; sourceTree = "<group>"; };
		5DCACB8F33CDC322A6C60F78 /* libPods-CoffeeShop.a */ = {isa = PBXFileReference; explicitFileType = archive.ar; includeInIndex = 0; path = "libPods-CoffeeShop.a"; sourceTree = BUILT_PRODUCTS_DIR; };
		81AB9BB72411601600AC10FF /* LaunchScreen.storyboard */ = {isa = PBXFileReference; fileEncoding = 4; lastKnownFileType = file.storyboard; name = LaunchScreen.storyboard; path = CoffeeShop/LaunchScreen.storyboard; sourceTree = "<group>"; };
		89C6BE57DB24E9ADA2F236DE /* Pods-CoffeeShop-CoffeeShopTests.release.xcconfig */ = {isa = PBXFileReference; includeInIndex = 1; lastKnownFileType = text.xcconfig; name = "Pods-CoffeeShop-CoffeeShopTests.release.xcconfig"; path = "Target Support Files/Pods-CoffeeShop-CoffeeShopTests/Pods-CoffeeShop-CoffeeShopTests.release.xcconfig"; sourceTree = "<group>"; };
		ED297162215061F000B7C4FE /* JavaScriptCore.framework */ = {isa = PBXFileReference; lastKnownFileType = wrapper.framework; name = JavaScriptCore.framework; path = System/Library/Frameworks/JavaScriptCore.framework; sourceTree = SDKROOT; };
		F30D63FDC85946FAAC90044E /* app_icons.ttf */ = {isa = PBXFileReference; name = app_icons.ttf; path = ../src/assets/fonts/app_icons.ttf; sourceTree = "<group>"; fileEncoding = undefined; lastKnownFileType = unknown; explicitFileType = undefined; includeInIndex = 0; };
		39B4126419AA4B999A552866 /* Poppins-Black.ttf */ = {isa = PBXFileReference; name = "Poppins-Black.ttf"; path = "../src/assets/fonts/Poppins-Black.ttf"; sourceTree = "<group>"; fileEncoding = undefined; lastKnownFileType = unknown; explicitFileType = undefined; includeInIndex = 0; };
		EC54C456B23441F5953E3E31 /* Poppins-Bold.ttf */ = {isa = PBXFileReference; name = "Poppins-Bold.ttf"; path = "../src/assets/fonts/Poppins-Bold.ttf"; sourceTree = "<group>"; fileEncoding = undefined; lastKnownFileType = unknown; explicitFileType = undefined; includeInIndex = 0; };
		2DC5BE98F7C4404F843FF7A8 /* Poppins-ExtraBold.ttf */ = {isa = PBXFileReference; name = "Poppins-ExtraBold.ttf"; path = "../src/assets/fonts/Poppins-ExtraBold.ttf"; sourceTree = "<group>"; fileEncoding = undefined; lastKnownFileType = unknown; explicitFileType = undefined; includeInIndex = 0; };
		6426248F59034E0D8E3F4C24 /* Poppins-ExtraLight.ttf */ = {isa = PBXFileReference; name = "Poppins-ExtraLight.ttf"; path = "../src/assets/fonts/Poppins-ExtraLight.ttf"; sourceTree = "<group>"; fileEncoding = undefined; lastKnownFileType = unknown; explicitFileType = undefined; includeInIndex = 0; };
		9588475EDC3A4840BDC93C92 /* Poppins-Light.ttf */ = {isa = PBXFileReference; name = "Poppins-Light.ttf"; path = "../src/assets/fonts/Poppins-Light.ttf"; sourceTree = "<group>"; fileEncoding = undefined; lastKnownFileType = unknown; explicitFileType = undefined; includeInIndex = 0; };
		AB00397928D14E9F8FAEF447 /* Poppins-Medium.ttf */ = {isa = PBXFileReference; name = "Poppins-Medium.ttf"; path = "../src/assets/fonts/Poppins-Medium.ttf"; sourceTree = "<group>"; fileEncoding = undefined; lastKnownFileType = unknown; explicitFileType = undefined; includeInIndex = 0; };
		3AC0817AD804458488061942 /* Poppins-Regular.ttf */ = {isa = PBXFileReference; name = "Poppins-Regular.ttf"; path = "../src/assets/fonts/Poppins-Regular.ttf"; sourceTree = "<group>"; fileEncoding = undefined; lastKnownFileType = unknown; explicitFileType = undefined; includeInIndex = 0; };
		C727989E0C784A2E849FBF2A /* Poppins-SemiBold.ttf */ = {isa = PBXFileReference; name = "Poppins-SemiBold.ttf"; path = "../src/assets/fonts/Poppins-SemiBold.ttf"; sourceTree = "<group>"; fileEncoding = undefined; lastKnownFileType = unknown; explicitFileType = undefined; includeInIndex = 0; };
		C2F3BEEFDEFA40A99D0972E8 /* Poppins-Thin.ttf */ = {isa = PBXFileReference; name = "Poppins-Thin.ttf"; path = "../src/assets/fonts/Poppins-Thin.ttf"; sourceTree = "<group>"; fileEncoding = undefined; lastKnownFileType = unknown; explicitFileType = undefined; includeInIndex = 0; };
		85BA9D9A089240139D0C7B57 /* amazonpay.png */ = {isa = PBXFileReference; name = amazonpay.png; path = ../src/assets/app_images/amazonpay.png; sourceTree = "<group>"; fileEncoding = undefined; lastKnownFileType = unknown; explicitFileType = undefined; includeInIndex = 0; };
		44196E1187434A77BB2DF7D4 /* applepay.png */ = {isa = PBXFileReference; name = applepay.png; path = ../src/assets/app_images/applepay.png; sourceTree = "<group>"; fileEncoding = undefined; lastKnownFileType = unknown; explicitFileType = undefined; includeInIndex = 0; };
		56E4F988B6694177823605AC /* avatar.png */ = {isa = PBXFileReference; name = avatar.png; path = ../src/assets/app_images/avatar.png; sourceTree = "<group>"; fileEncoding = undefined; lastKnownFileType = unknown; explicitFileType = undefined; includeInIndex = 0; };
		4D1CC423DAA446F7B812AF87 /* gpay.png */ = {isa = PBXFileReference; name = gpay.png; path = ../src/assets/app_images/gpay.png; sourceTree = "<group>"; fileEncoding = undefined; lastKnownFileType = unknown; explicitFileType = undefined; includeInIndex = 0; };
		24924B8507D9464482777489 /* americano_pic_1_portrait.png */ = {isa = PBXFileReference; name = americano_pic_1_portrait.png; path = ../src/assets/coffee_assets/americano/portrait/americano_pic_1_portrait.png; sourceTree = "<group>"; fileEncoding = undefined; lastKnownFileType = unknown; explicitFileType = undefined; includeInIndex = 0; };
		B3A96A84DCD84002B387C457 /* americano_pic_2_portrait.png */ = {isa = PBXFileReference; name = americano_pic_2_portrait.png; path = ../src/assets/coffee_assets/americano/portrait/americano_pic_2_portrait.png; sourceTree = "<group>"; fileEncoding = undefined; lastKnownFileType = unknown; explicitFileType = undefined; includeInIndex = 0; };
		3D20566451794EB59185CA91 /* americano_pic_3_portrait.png */ = {isa = PBXFileReference; name = americano_pic_3_portrait.png; path = ../src/assets/coffee_assets/americano/portrait/americano_pic_3_portrait.png; sourceTree = "<group>"; fileEncoding = undefined; lastKnownFileType = unknown; explicitFileType = undefined; includeInIndex = 0; };
		553189A36C4F412C9D6C359C /* americano_pic_1_square.png */ = {isa = PBXFileReference; name = americano_pic_1_square.png; path = ../src/assets/coffee_assets/americano/square/americano_pic_1_square.png; sourceTree = "<group>"; fileEncoding = undefined; lastKnownFileType = unknown; explicitFileType = undefined; includeInIndex = 0; };
		4BC8E2C911454BBEA3E9AA08 /* americano_pic_2_square.png */ = {isa = PBXFileReference; name = americano_pic_2_square.png; path = ../src/assets/coffee_assets/americano/square/americano_pic_2_square.png; sourceTree = "<group>"; fileEncoding = undefined; lastKnownFileType = unknown; explicitFileType = undefined; includeInIndex = 0; };
		44D4B02A3F9C4464AD764880 /* americano_pic_3_square.png */ = {isa = PBXFileReference; name = americano_pic_3_square.png; path = ../src/assets/coffee_assets/americano/square/americano_pic_3_square.png; sourceTree = "<group>"; fileEncoding = undefined; lastKnownFileType = unknown; explicitFileType = undefined; includeInIndex = 0; };
		C3FFE4A7EABE40D4AFFEA9E6 /* arabica_coffee_beans_portrait.png */ = {isa = PBXFileReference; name = arabica_coffee_beans_portrait.png; path = ../src/assets/coffee_assets/arabica_coffee_beans/arabica_coffee_beans_portrait.png; sourceTree = "<group>"; fileEncoding = undefined; lastKnownFileType = unknown; explicitFileType = undefined; includeInIndex = 0; };
		A85A7C596BAB48709C031BFE /* arabica_coffee_beans_square.png */ = {isa = PBXFileReference; name = arabica_coffee_beans_square.png; path = ../src/assets/coffee_assets/arabica_coffee_beans/arabica_coffee_beans_square.png; sourceTree = "<group>"; fileEncoding = undefined; lastKnownFileType = unknown; explicitFileType = undefined; includeInIndex = 0; };
		DB37E1BA13BB4C8787A1A886 /* black_coffee_pic_1_portrait.png */ = {isa = PBXFileReference; name = black_coffee_pic_1_portrait.png; path = ../src/assets/coffee_assets/black_coffee/portrait/black_coffee_pic_1_portrait.png; sourceTree = "<group>"; fileEncoding = undefined; lastKnownFileType = unknown; explicitFileType = undefined; includeInIndex = 0; };
		317C29BE55D14CF4930FD319 /* black_coffee_pic_2_portrait.png */ = {isa = PBXFileReference; name = black_coffee_pic_2_portrait.png; path = ../src/assets/coffee_assets/black_coffee/portrait/black_coffee_pic_2_portrait.png; sourceTree = "<group>"; fileEncoding = undefined; lastKnownFileType = unknown; explicitFileType = undefined; includeInIndex = 0; };
		B4155076E0ED435281D4FC5D /* black_coffee_pic_3_portrait.png */ = {isa = PBXFileReference; name = black_coffee_pic_3_portrait.png; path = ../src/assets/coffee_assets/black_coffee/portrait/black_coffee_pic_3_portrait.png; sourceTree = "<group>"; fileEncoding = undefined; lastKnownFileType = unknown; explicitFileType = undefined; includeInIndex = 0; };
		EB94010DBF514544902C443D /* black_coffee_pic_1_square.png */ = {isa = PBXFileReference; name = black_coffee_pic_1_square.png; path = ../src/assets/coffee_assets/black_coffee/square/black_coffee_pic_1_square.png; sourceTree = "<group>"; fileEncoding = undefined; lastKnownFileType = unknown; explicitFileType = undefined; includeInIndex = 0; };
		A0AD608831D14770BBB7BEB2 /* black_coffee_pic_2_square.png */ = {isa = PBXFileReference; name = black_coffee_pic_2_square.png; path = ../src/assets/coffee_assets/black_coffee/square/black_coffee_pic_2_square.png; sourceTree = "<group>"; fileEncoding = undefined; lastKnownFileType = unknown; explicitFileType = undefined; includeInIndex = 0; };
		A4A85B78EC2144859B7513D8 /* black_coffee_pic_3_square.png */ = {isa = PBXFileReference; name = black_coffee_pic_3_square.png; path = ../src/assets/coffee_assets/black_coffee/square/black_coffee_pic_3_square.png; sourceTree = "<group>"; fileEncoding = undefined; lastKnownFileType = unknown; explicitFileType = undefined; includeInIndex = 0; };
		D52AC1239CC84BA6AA14F14B /* cappuccino_pic_1_portrait.png */ = {isa = PBXFileReference; name = cappuccino_pic_1_portrait.png; path = ../src/assets/coffee_assets/cappuccino/portrait/cappuccino_pic_1_portrait.png; sourceTree = "<group>"; fileEncoding = undefined; lastKnownFileType = unknown; explicitFileType = undefined; includeInIndex = 0; };
		44D44CB9182C42B283877A0F /* cappuccino_pic_2_portrait.png */ = {isa = PBXFileReference; name = cappuccino_pic_2_portrait.png; path = ../src/assets/coffee_assets/cappuccino/portrait/cappuccino_pic_2_portrait.png; sourceTree = "<group>"; fileEncoding = undefined; lastKnownFileType = unknown; explicitFileType = undefined; includeInIndex = 0; };
		59043D85CB6A4D8D996662CE /* cappuccino_pic_3_portrait.png */ = {isa = PBXFileReference; name = cappuccino_pic_3_portrait.png; path = ../src/assets/coffee_assets/cappuccino/portrait/cappuccino_pic_3_portrait.png; sourceTree = "<group>"; fileEncoding = undefined; lastKnownFileType = unknown; explicitFileType = undefined; includeInIndex = 0; };
		028C25E3E02F402CA58975C0 /* cappuccino_pic_1_square.png */ = {isa = PBXFileReference; name = cappuccino_pic_1_square.png; path = ../src/assets/coffee_assets/cappuccino/square/cappuccino_pic_1_square.png; sourceTree = "<group>"; fileEncoding = undefined; lastKnownFileType = unknown; explicitFileType = undefined; includeInIndex = 0; };
		D485180FE15F434CB035C7F9 /* cappuccino_pic_2_square.png */ = {isa = PBXFileReference; name = cappuccino_pic_2_square.png; path = ../src/assets/coffee_assets/cappuccino/square/cappuccino_pic_2_square.png; sourceTree = "<group>"; fileEncoding = undefined; lastKnownFileType = unknown; explicitFileType = undefined; includeInIndex = 0; };
		550EAA7B9DAB4F11A2FA80D1 /* cappuccino_pic_3_square.png */ = {isa = PBXFileReference; name = cappuccino_pic_3_square.png; path = ../src/assets/coffee_assets/cappuccino/square/cappuccino_pic_3_square.png; sourceTree = "<group>"; fileEncoding = undefined; lastKnownFileType = unknown; explicitFileType = undefined; includeInIndex = 0; };
		BBCD4F7373AC40B585D85223 /* espresso_pic_1_portrait.png */ = {isa = PBXFileReference; name = espresso_pic_1_portrait.png; path = ../src/assets/coffee_assets/espresso/portrait/espresso_pic_1_portrait.png; sourceTree = "<group>"; fileEncoding = undefined; lastKnownFileType = unknown; explicitFileType = undefined; includeInIndex = 0; };
		CAD09B49AFF4401994320715 /* espresso_pic_2_portrait.png */ = {isa = PBXFileReference; name = espresso_pic_2_portrait.png; path = ../src/assets/coffee_assets/espresso/portrait/espresso_pic_2_portrait.png; sourceTree = "<group>"; fileEncoding = undefined; lastKnownFileType = unknown; explicitFileType = undefined; includeInIndex = 0; };
		A9EEE6B5280C4D85AF5467EB /* espresso_pic_3_portrait.png */ = {isa = PBXFileReference; name = espresso_pic_3_portrait.png; path = ../src/assets/coffee_assets/espresso/portrait/espresso_pic_3_portrait.png; sourceTree = "<group>"; fileEncoding = undefined; lastKnownFileType = unknown; explicitFileType = undefined; includeInIndex = 0; };
		7E166060D1F9460DBB184F20 /* espresso_pic_1_square.png */ = {isa = PBXFileReference; name = espresso_pic_1_square.png; path = ../src/assets/coffee_assets/espresso/square/espresso_pic_1_square.png; sourceTree = "<group>"; fileEncoding = undefined; lastKnownFileType = unknown; explicitFileType = undefined; includeInIndex = 0; };
		6B3CEAD7F20F44DB8E624F67 /* espresso_pic_2_square.png */ = {isa = PBXFileReference; name = espresso_pic_2_square.png; path = ../src/assets/coffee_assets/espresso/square/espresso_pic_2_square.png; sourceTree = "<group>"; fileEncoding = undefined; lastKnownFileType = unknown; explicitFileType = undefined; includeInIndex = 0; };
		DEDC9E8BA675425DB2CF62EE /* espresso_pic_3_square.png */ = {isa = PBXFileReference; name = espresso_pic_3_square.png; path = ../src/assets/coffee_assets/espresso/square/espresso_pic_3_square.png; sourceTree = "<group>"; fileEncoding = undefined; lastKnownFileType = unknown; explicitFileType = undefined; includeInIndex = 0; };
		C44E7A955E4F42C29E1E181A /* excelsa_coffee_beans_portrait.png */ = {isa = PBXFileReference; name = excelsa_coffee_beans_portrait.png; path = ../src/assets/coffee_assets/excelsa_coffee_beans/excelsa_coffee_beans_portrait.png; sourceTree = "<group>"; fileEncoding = undefined; lastKnownFileType = unknown; explicitFileType = undefined; includeInIndex = 0; };
		73C4C01D5387460880A11371 /* excelsa_coffee_beans_square.png */ = {isa = PBXFileReference; name = excelsa_coffee_beans_square.png; path = ../src/assets/coffee_assets/excelsa_coffee_beans/excelsa_coffee_beans_square.png; sourceTree = "<group>"; fileEncoding = undefined; lastKnownFileType = unknown; explicitFileType = undefined; includeInIndex = 0; };
		DFB05F360C2945C19B729780 /* latte_pic_1_portrait.png */ = {isa = PBXFileReference; name = latte_pic_1_portrait.png; path = ../src/assets/coffee_assets/latte/portrait/latte_pic_1_portrait.png; sourceTree = "<group>"; fileEncoding = undefined; lastKnownFileType = unknown; explicitFileType = undefined; includeInIndex = 0; };
		483AA4C2E6AE4329A7FDDB02 /* latte_pic_2_portrait.png */ = {isa = PBXFileReference; name = latte_pic_2_portrait.png; path = ../src/assets/coffee_assets/latte/portrait/latte_pic_2_portrait.png; sourceTree = "<group>"; fileEncoding = undefined; lastKnownFileType = unknown; explicitFileType = undefined; includeInIndex = 0; };
		2937DF583A40488DB71020C9 /* latte_pic_3_portrait.png */ = {isa = PBXFileReference; name = latte_pic_3_portrait.png; path = ../src/assets/coffee_assets/latte/portrait/latte_pic_3_portrait.png; sourceTree = "<group>"; fileEncoding = undefined; lastKnownFileType = unknown; explicitFileType = undefined; includeInIndex = 0; };
		BDCCAFE728D245669E44A3D7 /* latte_pic_1_square.png */ = {isa = PBXFileReference; name = latte_pic_1_square.png; path = ../src/assets/coffee_assets/latte/square/latte_pic_1_square.png; sourceTree = "<group>"; fileEncoding = undefined; lastKnownFileType = unknown; explicitFileType = undefined; includeInIndex = 0; };
		34605A29A83C4B39B882D49C /* latte_pic_2_square.png */ = {isa = PBXFileReference; name = latte_pic_2_square.png; path = ../src/assets/coffee_assets/latte/square/latte_pic_2_square.png; sourceTree = "<group>"; fileEncoding = undefined; lastKnownFileType = unknown; explicitFileType = undefined; includeInIndex = 0; };
		134EF0B967054707BAEFA1A1 /* latte_pic_3_square.png */ = {isa = PBXFileReference; name = latte_pic_3_square.png; path = ../src/assets/coffee_assets/latte/square/latte_pic_3_square.png; sourceTree = "<group>"; fileEncoding = undefined; lastKnownFileType = unknown; explicitFileType = undefined; includeInIndex = 0; };
		8997393C48A8486D89BA9010 /* liberica_coffee_beans_portrait.png */ = {isa = PBXFileReference; name = liberica_coffee_beans_portrait.png; path = ../src/assets/coffee_assets/liberica_coffee_beans/liberica_coffee_beans_portrait.png; sourceTree = "<group>"; fileEncoding = undefined; lastKnownFileType = unknown; explicitFileType = undefined; includeInIndex = 0; };
		9D9DF7DB947743C0920C2DAF /* liberica_coffee_beans_square.png */ = {isa = PBXFileReference; name = liberica_coffee_beans_square.png; path = ../src/assets/coffee_assets/liberica_coffee_beans/liberica_coffee_beans_square.png; sourceTree = "<group>"; fileEncoding = undefined; lastKnownFileType = unknown; explicitFileType = undefined; includeInIndex = 0; };
		364D4AF47A9644689F1B1459 /* macchiato_pic_1_portrait.png */ = {isa = PBXFileReference; name = macchiato_pic_1_portrait.png; path = ../src/assets/coffee_assets/macchiato/portrait/macchiato_pic_1_portrait.png; sourceTree = "<group>"; fileEncoding = undefined; lastKnownFileType = unknown; explicitFileType = undefined; includeInIndex = 0; };
		43EB543DB2E545E78F448AA7 /* macchiato_pic_2_portrait.png */ = {isa = PBXFileReference; name = macchiato_pic_2_portrait.png; path = ../src/assets/coffee_assets/macchiato/portrait/macchiato_pic_2_portrait.png; sourceTree = "<group>"; fileEncoding = undefined; lastKnownFileType = unknown; explicitFileType = undefined; includeInIndex = 0; };
		F1F22481926A4B789E102C28 /* macchiato_pic_3_portrait.png */ = {isa = PBXFileReference; name = macchiato_pic_3_portrait.png; path = ../src/assets/coffee_assets/macchiato/portrait/macchiato_pic_3_portrait.png; sourceTree = "<group>"; fileEncoding = undefined; lastKnownFileType = unknown; explicitFileType = undefined; includeInIndex = 0; };
		4191C1B5D33B44AF92BBFDEC /* macchiato_pic_1_square.png */ = {isa = PBXFileReference; name = macchiato_pic_1_square.png; path = ../src/assets/coffee_assets/macchiato/square/macchiato_pic_1_square.png; sourceTree = "<group>"; fileEncoding = undefined; lastKnownFileType = unknown; explicitFileType = undefined; includeInIndex = 0; };
		8B749331111842AA8465C7B4 /* macchiato_pic_2_square.png */ = {isa = PBXFileReference; name = macchiato_pic_2_square.png; path = ../src/assets/coffee_assets/macchiato/square/macchiato_pic_2_square.png; sourceTree = "<group>"; fileEncoding = undefined; lastKnownFileType = unknown; explicitFileType = undefined; includeInIndex = 0; };
		FD4EB696E46642D4847A2E18 /* macchiato_pic_3_square.png */ = {isa = PBXFileReference; name = macchiato_pic_3_square.png; path = ../src/assets/coffee_assets/macchiato/square/macchiato_pic_3_square.png; sourceTree = "<group>"; fileEncoding = undefined; lastKnownFileType = unknown; explicitFileType = undefined; includeInIndex = 0; };
		890D3E0517194A40B7D71581 /* robusta_coffee_beans_portrait.png */ = {isa = PBXFileReference; name = robusta_coffee_beans_portrait.png; path = ../src/assets/coffee_assets/robusta_coffee_beans/robusta_coffee_beans_portrait.png; sourceTree = "<group>"; fileEncoding = undefined; lastKnownFileType = unknown; explicitFileType = undefined; includeInIndex = 0; };
		B9D90BED95AE43D6BE45DF41 /* robusta_coffee_beans_square.png */ = {isa = PBXFileReference; name = robusta_coffee_beans_square.png; path = ../src/assets/coffee_assets/robusta_coffee_beans/robusta_coffee_beans_square.png; sourceTree = "<group>"; fileEncoding = undefined; lastKnownFileType = unknown; explicitFileType = undefined; includeInIndex = 0; };
/* End PBXFileReference section */

/* Begin PBXFrameworksBuildPhase section */
		00E356EB1AD99517003FC87E /* Frameworks */ = {
			isa = PBXFrameworksBuildPhase;
			buildActionMask = 2147483647;
			files = (
				7699B88040F8A987B510C191 /* libPods-CoffeeShop-CoffeeShopTests.a in Frameworks */,
			);
			runOnlyForDeploymentPostprocessing = 0;
		};
		13B07F8C1A680F5B00A75B9A /* Frameworks */ = {
			isa = PBXFrameworksBuildPhase;
			buildActionMask = 2147483647;
			files = (
				0C80B921A6F3F58F76C31292 /* libPods-CoffeeShop.a in Frameworks */,
			);
			runOnlyForDeploymentPostprocessing = 0;
		};
/* End PBXFrameworksBuildPhase section */

/* Begin PBXGroup section */
		00E356EF1AD99517003FC87E /* CoffeeShopTests */ = {
			isa = PBXGroup;
			children = (
				00E356F21AD99517003FC87E /* CoffeeShopTests.m */,
				00E356F01AD99517003FC87E /* Supporting Files */,
			);
			path = CoffeeShopTests;
			sourceTree = "<group>";
		};
		00E356F01AD99517003FC87E /* Supporting Files */ = {
			isa = PBXGroup;
			children = (
				00E356F11AD99517003FC87E /* Info.plist */,
			);
			name = "Supporting Files";
			sourceTree = "<group>";
		};
		13B07FAE1A68108700A75B9A /* CoffeeShop */ = {
			isa = PBXGroup;
			children = (
				13B07FAF1A68108700A75B9A /* AppDelegate.h */,
				13B07FB01A68108700A75B9A /* AppDelegate.mm */,
				13B07FB51A68108700A75B9A /* Images.xcassets */,
				13B07FB61A68108700A75B9A /* Info.plist */,
				81AB9BB72411601600AC10FF /* LaunchScreen.storyboard */,
				13B07FB71A68108700A75B9A /* main.m */,
			);
			name = CoffeeShop;
			sourceTree = "<group>";
		};
		2D16E6871FA4F8E400B85C8A /* Frameworks */ = {
			isa = PBXGroup;
			children = (
				ED297162215061F000B7C4FE /* JavaScriptCore.framework */,
				5DCACB8F33CDC322A6C60F78 /* libPods-CoffeeShop.a */,
				19F6CBCC0A4E27FBF8BF4A61 /* libPods-CoffeeShop-CoffeeShopTests.a */,
			);
			name = Frameworks;
			sourceTree = "<group>";
		};
		832341AE1AAA6A7D00B99B32 /* Libraries */ = {
			isa = PBXGroup;
			children = (
			);
			name = Libraries;
			sourceTree = "<group>";
		};
		83CBB9F61A601CBA00E9B192 /* PBXGroup */ = {
			isa = PBXGroup;
			children = (
				13B07FAE1A68108700A75B9A /* CoffeeShop */,
				832341AE1AAA6A7D00B99B32 /* Libraries */,
				00E356EF1AD99517003FC87E /* CoffeeShopTests */,
				83CBBA001A601CBA00E9B192 /* Products */,
				2D16E6871FA4F8E400B85C8A /* Frameworks */,
				BBD78D7AC51CEA395F1C20DB /* Pods */,
				CD64428D76F14E7496A51700 /* Resources */,
			);
			indentWidth = 2;
			sourceTree = "<group>";
			tabWidth = 2;
			usesTabs = 0;
		};
		83CBBA001A601CBA00E9B192 /* Products */ = {
			isa = PBXGroup;
			children = (
				13B07F961A680F5B00A75B9A /* CoffeeShop.app */,
				00E356EE1AD99517003FC87E /* CoffeeShopTests.xctest */,
			);
			name = Products;
			sourceTree = "<group>";
		};
		BBD78D7AC51CEA395F1C20DB /* Pods */ = {
			isa = PBXGroup;
			children = (
				3B4392A12AC88292D35C810B /* Pods-CoffeeShop.debug.xcconfig */,
				5709B34CF0A7D63546082F79 /* Pods-CoffeeShop.release.xcconfig */,
				5B7EB9410499542E8C5724F5 /* Pods-CoffeeShop-CoffeeShopTests.debug.xcconfig */,
				89C6BE57DB24E9ADA2F236DE /* Pods-CoffeeShop-CoffeeShopTests.release.xcconfig */,
			);
			path = Pods;
			sourceTree = "<group>";
		};
		CD64428D76F14E7496A51700 /* Resources */ = {
			isa = PBXGroup;
			children = (
				F30D63FDC85946FAAC90044E /* app_icons.ttf */,
				39B4126419AA4B999A552866 /* Poppins-Black.ttf */,
				EC54C456B23441F5953E3E31 /* Poppins-Bold.ttf */,
				2DC5BE98F7C4404F843FF7A8 /* Poppins-ExtraBold.ttf */,
				6426248F59034E0D8E3F4C24 /* Poppins-ExtraLight.ttf */,
				9588475EDC3A4840BDC93C92 /* Poppins-Light.ttf */,
				AB00397928D14E9F8FAEF447 /* Poppins-Medium.ttf */,
				3AC0817AD804458488061942 /* Poppins-Regular.ttf */,
				C727989E0C784A2E849FBF2A /* Poppins-SemiBold.ttf */,
				C2F3BEEFDEFA40A99D0972E8 /* Poppins-Thin.ttf */,
				85BA9D9A089240139D0C7B57 /* amazonpay.png */,
				44196E1187434A77BB2DF7D4 /* applepay.png */,
				56E4F988B6694177823605AC /* avatar.png */,
				4D1CC423DAA446F7B812AF87 /* gpay.png */,
				24924B8507D9464482777489 /* americano_pic_1_portrait.png */,
				B3A96A84DCD84002B387C457 /* americano_pic_2_portrait.png */,
				3D20566451794EB59185CA91 /* americano_pic_3_portrait.png */,
				553189A36C4F412C9D6C359C /* americano_pic_1_square.png */,
				4BC8E2C911454BBEA3E9AA08 /* americano_pic_2_square.png */,
				44D4B02A3F9C4464AD764880 /* americano_pic_3_square.png */,
				C3FFE4A7EABE40D4AFFEA9E6 /* arabica_coffee_beans_portrait.png */,
				A85A7C596BAB48709C031BFE /* arabica_coffee_beans_square.png */,
				DB37E1BA13BB4C8787A1A886 /* black_coffee_pic_1_portrait.png */,
				317C29BE55D14CF4930FD319 /* black_coffee_pic_2_portrait.png */,
				B4155076E0ED435281D4FC5D /* black_coffee_pic_3_portrait.png */,
				EB94010DBF514544902C443D /* black_coffee_pic_1_square.png */,
				A0AD608831D14770BBB7BEB2 /* black_coffee_pic_2_square.png */,
				A4A85B78EC2144859B7513D8 /* black_coffee_pic_3_square.png */,
				D52AC1239CC84BA6AA14F14B /* cappuccino_pic_1_portrait.png */,
				44D44CB9182C42B283877A0F /* cappuccino_pic_2_portrait.png */,
				59043D85CB6A4D8D996662CE /* cappuccino_pic_3_portrait.png */,
				028C25E3E02F402CA58975C0 /* cappuccino_pic_1_square.png */,
				D485180FE15F434CB035C7F9 /* cappuccino_pic_2_square.png */,
				550EAA7B9DAB4F11A2FA80D1 /* cappuccino_pic_3_square.png */,
				BBCD4F7373AC40B585D85223 /* espresso_pic_1_portrait.png */,
				CAD09B49AFF4401994320715 /* espresso_pic_2_portrait.png */,
				A9EEE6B5280C4D85AF5467EB /* espresso_pic_3_portrait.png */,
				7E166060D1F9460DBB184F20 /* espresso_pic_1_square.png */,
				6B3CEAD7F20F44DB8E624F67 /* espresso_pic_2_square.png */,
				DEDC9E8BA675425DB2CF62EE /* espresso_pic_3_square.png */,
				C44E7A955E4F42C29E1E181A /* excelsa_coffee_beans_portrait.png */,
				73C4C01D5387460880A11371 /* excelsa_coffee_beans_square.png */,
				DFB05F360C2945C19B729780 /* latte_pic_1_portrait.png */,
				483AA4C2E6AE4329A7FDDB02 /* latte_pic_2_portrait.png */,
				2937DF583A40488DB71020C9 /* latte_pic_3_portrait.png */,
				BDCCAFE728D245669E44A3D7 /* latte_pic_1_square.png */,
				34605A29A83C4B39B882D49C /* latte_pic_2_square.png */,
				134EF0B967054707BAEFA1A1 /* latte_pic_3_square.png */,
				8997393C48A8486D89BA9010 /* liberica_coffee_beans_portrait.png */,
				9D9DF7DB947743C0920C2DAF /* liberica_coffee_beans_square.png */,
				364D4AF47A9644689F1B1459 /* macchiato_pic_1_portrait.png */,
				43EB543DB2E545E78F448AA7 /* macchiato_pic_2_portrait.png */,
				F1F22481926A4B789E102C28 /* macchiato_pic_3_portrait.png */,
				4191C1B5D33B44AF92BBFDEC /* macchiato_pic_1_square.png */,
				8B749331111842AA8465C7B4 /* macchiato_pic_2_square.png */,
				FD4EB696E46642D4847A2E18 /* macchiato_pic_3_square.png */,
				890D3E0517194A40B7D71581 /* robusta_coffee_beans_portrait.png */,
				B9D90BED95AE43D6BE45DF41 /* robusta_coffee_beans_square.png */,
			);
			name = Resources;
			sourceTree = "<group>";
			path = "";
		};
/* End PBXGroup section */

/* Begin PBXNativeTarget section */
		00E356ED1AD99517003FC87E /* CoffeeShopTests */ = {
			isa = PBXNativeTarget;
			buildConfigurationList = 00E357021AD99517003FC87E /* Build configuration list for PBXNativeTarget "CoffeeShopTests" */;
			buildPhases = (
				A55EABD7B0C7F3A422A6CC61 /* [CP] Check Pods Manifest.lock */,
				00E356EA1AD99517003FC87E /* Sources */,
				00E356EB1AD99517003FC87E /* Frameworks */,
				00E356EC1AD99517003FC87E /* Resources */,
				C59DA0FBD6956966B86A3779 /* [CP] Embed Pods Frameworks */,
				F6A41C54EA430FDDC6A6ED99 /* [CP] Copy Pods Resources */,
			);
			buildRules = (
			);
			dependencies = (
				00E356F51AD99517003FC87E /* PBXTargetDependency */,
			);
			name = CoffeeShopTests;
			productName = CoffeeShopTests;
			productReference = 00E356EE1AD99517003FC87E /* CoffeeShopTests.xctest */;
			productType = "com.apple.product-type.bundle.unit-test";
		};
		13B07F861A680F5B00A75B9A /* CoffeeShop */ = {
			isa = PBXNativeTarget;
			buildConfigurationList = 13B07F931A680F5B00A75B9A /* Build configuration list for PBXNativeTarget "CoffeeShop" */;
			buildPhases = (
				C38B50BA6285516D6DCD4F65 /* [CP] Check Pods Manifest.lock */,
				FD10A7F022414F080027D42C /* Start Packager */,
				13B07F871A680F5B00A75B9A /* Sources */,
				13B07F8C1A680F5B00A75B9A /* Frameworks */,
				13B07F8E1A680F5B00A75B9A /* Resources */,
				00DD1BFF1BD5951E006B06BC /* Bundle React Native code and images */,
				00EEFC60759A1932668264C0 /* [CP] Embed Pods Frameworks */,
				E235C05ADACE081382539298 /* [CP] Copy Pods Resources */,
			);
			buildRules = (
			);
			dependencies = (
			);
			name = CoffeeShop;
			productName = CoffeeShop;
			productReference = 13B07F961A680F5B00A75B9A /* CoffeeShop.app */;
			productType = "com.apple.product-type.application";
		};
/* End PBXNativeTarget section */

/* Begin PBXProject section */
		83CBB9F71A601CBA00E9B192 = {
			isa = PBXProject;
			attributes = {
				LastUpgradeCheck = 1210;
				TargetAttributes = {
					00E356ED1AD99517003FC87E = {
						CreatedOnToolsVersion = 6.2;
						TestTargetID = 13B07F861A680F5B00A75B9A /* CoffeeShop */;
					};
					13B07F861A680F5B00A75B9A = {
						LastSwiftMigration = 1120;
					};
				};
			};
			buildConfigurationList = 83CBB9FA1A601CBA00E9B192 /* Build configuration list for PBXProject "CoffeeShop" */;
			compatibilityVersion = "Xcode 12.0";
			developmentRegion = en;
			hasScannedForEncodings = 0;
			knownRegions = (
				en,
				Base,
			);
			mainGroup = 83CBB9F61A601CBA00E9B192 /* PBXGroup */;
			productRefGroup = 83CBBA001A601CBA00E9B192 /* Products */;
			projectDirPath = "";
			projectRoot = "";
			targets = (
				13B07F861A680F5B00A75B9A /* CoffeeShop */,
				00E356ED1AD99517003FC87E /* CoffeeShopTests */,
			);
		};
/* End PBXProject section */

/* Begin PBXResourcesBuildPhase section */
		00E356EC1AD99517003FC87E /* Resources */ = {
			isa = PBXResourcesBuildPhase;
			buildActionMask = 2147483647;
			files = (
			);
			runOnlyForDeploymentPostprocessing = 0;
		};
		13B07F8E1A680F5B00A75B9A /* Resources */ = {
			isa = PBXResourcesBuildPhase;
			buildActionMask = 2147483647;
			files = (
				81AB9BB82411601600AC10FF /* LaunchScreen.storyboard in Resources */,
				13B07FBF1A68108700A75B9A /* Images.xcassets in Resources */,
				68200565FB044188ADCCE4DA /* app_icons.ttf in Resources */,
				48D20AEC81854392A2740806 /* Poppins-Black.ttf in Resources */,
				0F6FBB515D6D4F10845FB6CF /* Poppins-Bold.ttf in Resources */,
				F9F40ED2B1AC4E7AAE5EEDF1 /* Poppins-ExtraBold.ttf in Resources */,
				64444EAC1C4A4256BD2F354F /* Poppins-ExtraLight.ttf in Resources */,
				BA7E467AFFAC455FBCDCADAE /* Poppins-Light.ttf in Resources */,
				1A8DD8F44EC64055B9837D28 /* Poppins-Medium.ttf in Resources */,
				AF4177F08FE44C0F9EC92086 /* Poppins-Regular.ttf in Resources */,
				3E045C8742094FF1991CAAC8 /* Poppins-SemiBold.ttf in Resources */,
				BA0D19483227473896AEB416 /* Poppins-Thin.ttf in Resources */,
				7171D9C364C94EDBA18B21BB /* amazonpay.png in Resources */,
				A8FB1860D05C462990280C0A /* applepay.png in Resources */,
				0119754D56CA428FAFE80DA2 /* avatar.png in Resources */,
				440E8F0A40D84A0388D7E8E9 /* gpay.png in Resources */,
				8A64D06422034ED587344B50 /* americano_pic_1_portrait.png in Resources */,
				E6B15EDD43654C18B0392441 /* americano_pic_2_portrait.png in Resources */,
				412395CCAA1446389EB5F2B8 /* americano_pic_3_portrait.png in Resources */,
				40DA9237D28542E4965C3239 /* americano_pic_1_square.png in Resources */,
				A3021387812F4103956D276E /* americano_pic_2_square.png in Resources */,
				CDF3898BCCBB487DB0D2C71D /* americano_pic_3_square.png in Resources */,
				84E49F9CABFA40CB8BB79151 /* arabica_coffee_beans_portrait.png in Resources */,
				28F9644F8E0D46E58783CC42 /* arabica_coffee_beans_square.png in Resources */,
				0B7ACE4A3D2D43AA988E5319 /* black_coffee_pic_1_portrait.png in Resources */,
				005AA94C15554339878178C9 /* black_coffee_pic_2_portrait.png in Resources */,
				0BB1739E83CA4066819A0411 /* black_coffee_pic_3_portrait.png in Resources */,
				623364B2A3CC4A9B9E6B5925 /* black_coffee_pic_1_square.png in Resources */,
				4CD0659C24134A78855CE13D /* black_coffee_pic_2_square.png in Resources */,
				E3B3BD2159CF418D955A98AE /* black_coffee_pic_3_square.png in Resources */,
				64E862C567BB4547B7DE0189 /* cappuccino_pic_1_portrait.png in Resources */,
				034EED65385A40D98DFB8C8D /* cappuccino_pic_2_portrait.png in Resources */,
				8F076D2D318047199FAD0F21 /* cappuccino_pic_3_portrait.png in Resources */,
				6267B3BD9F0646C99DF9CCBD /* cappuccino_pic_1_square.png in Resources */,
				C5DA61FFE05941569F7D338E /* cappuccino_pic_2_square.png in Resources */,
				F068BD175A574DDBBD49A327 /* cappuccino_pic_3_square.png in Resources */,
				0F4583FBD7244E1396120174 /* espresso_pic_1_portrait.png in Resources */,
				9C732A8AD84B44A982E3A92C /* espresso_pic_2_portrait.png in Resources */,
				C2FBD88DDCE44701A5729E4D /* espresso_pic_3_portrait.png in Resources */,
				2E2DD2C52EE44A49A1A2155C /* espresso_pic_1_square.png in Resources */,
				DACFC8787A1840B891B3DC5E /* espresso_pic_2_square.png in Resources */,
				6ACF8936D84C4ADC9D01223E /* espresso_pic_3_square.png in Resources */,
				56A8A2BAD9994D8094104262 /* excelsa_coffee_beans_portrait.png in Resources */,
				4E81243887DD40A6ACC2AADC /* excelsa_coffee_beans_square.png in Resources */,
				4EC29362EB3E4A06AA042982 /* latte_pic_1_portrait.png in Resources */,
				BAD996F42ABD4B63AA084AF6 /* latte_pic_2_portrait.png in Resources */,
				CDAA66720B464E1A8D19CBE3 /* latte_pic_3_portrait.png in Resources */,
				EF65ACA3BE734C27828E42E5 /* latte_pic_1_square.png in Resources */,
				7277ED8E740246ADB8EAF9A5 /* latte_pic_2_square.png in Resources */,
				B0BC0BC6B44C426EA65DF412 /* latte_pic_3_square.png in Resources */,
				D3EA9D0ED6934DCDAE7260C0 /* liberica_coffee_beans_portrait.png in Resources */,
				4E10A92E06894E309D91899C /* liberica_coffee_beans_square.png in Resources */,
				6CB368766D3A4630ADDDDCE2 /* macchiato_pic_1_portrait.png in Resources */,
				CD8676A99E5D47F89946BEF6 /* macchiato_pic_2_portrait.png in Resources */,
				C9D9C66915A4493B9D7380C9 /* macchiato_pic_3_portrait.png in Resources */,
				31DA91E2BC55449099CB0C2C /* macchiato_pic_1_square.png in Resources */,
				A0177B11CE9B497A864E911F /* macchiato_pic_2_square.png in Resources */,
				47552C3B6E3644B69BF3385E /* macchiato_pic_3_square.png in Resources */,
				7140AC85EDA54C85B8EEE201 /* robusta_coffee_beans_portrait.png in Resources */,
				BC6C02F9213D4980997E875F /* robusta_coffee_beans_square.png in Resources */,
			);
			runOnlyForDeploymentPostprocessing = 0;
		};
/* End PBXResourcesBuildPhase section */

/* Begin PBXShellScriptBuildPhase section */
		00DD1BFF1BD5951E006B06BC /* Bundle React Native code and images */ = {
			isa = PBXShellScriptBuildPhase;
			buildActionMask = 2147483647;
			files = (
			);
			inputPaths = (
				"$(SRCROOT)/.xcode.env.local",
				"$(SRCROOT)/.xcode.env",
			);
			name = "Bundle React Native code and images";
			outputPaths = (
			);
			runOnlyForDeploymentPostprocessing = 0;
			shellPath = /bin/sh;
			shellScript = "if [[ -f \"$PODS_ROOT/../.xcode.env\" ]]; then\n  source \"$PODS_ROOT/../.xcode.env\"\nfi\nif [[ -f \"$PODS_ROOT/../.xcode.env.local\" ]]; then\n  source \"$PODS_ROOT/../.xcode.env.local\"\nfi\n\n# The project root by default is one level up from the ios directory\nexport PROJECT_ROOT=\"$PROJECT_DIR\"/..\n\nif [[ \"$CONFIGURATION\" = *Debug* ]]; then\n  export SKIP_BUNDLING=1\nfi\nif [[ -z \"$ENTRY_FILE\" ]]; then\n  # Set the entry JS file using the bundler's entry resolution.\n  export ENTRY_FILE=\"$(\"$NODE_BINARY\" -e \"require('expo/scripts/resolveAppEntry')\" \"$PROJECT_ROOT\" ios relative | tail -n 1)\"\nfi\n\nif [[ -z \"$CLI_PATH\" ]]; then\n  # Use Expo CLI\n  export CLI_PATH=\"$(\"$NODE_BINARY\" --print \"require.resolve('@expo/cli')\")\"\nfi\nif [[ -z \"$BUNDLE_COMMAND\" ]]; then\n  # Default Expo CLI command for bundling\n  export BUNDLE_COMMAND=\"export:embed\"\nfi\n\n`\"$NODE_BINARY\" --print \"require('path').dirname(require.resolve('react-native/package.json')) + '/scripts/react-native-xcode.sh'\"`\n";
		};
		00EEFC60759A1932668264C0 /* [CP] Embed Pods Frameworks */ = {
			isa = PBXShellScriptBuildPhase;
			buildActionMask = 2147483647;
			files = (
			);
			inputFileListPaths = (
				"${PODS_ROOT}/Target Support Files/Pods-CoffeeShop/Pods-CoffeeShop-frameworks-${CONFIGURATION}-input-files.xcfilelist",
			);
			name = "[CP] Embed Pods Frameworks";
			outputFileListPaths = (
				"${PODS_ROOT}/Target Support Files/Pods-CoffeeShop/Pods-CoffeeShop-frameworks-${CONFIGURATION}-output-files.xcfilelist",
			);
			runOnlyForDeploymentPostprocessing = 0;
			shellPath = /bin/sh;
			shellScript = "\"${PODS_ROOT}/Target Support Files/Pods-CoffeeShop/Pods-CoffeeShop-frameworks.sh\"\n";
			showEnvVarsInLog = 0;
		};
		A55EABD7B0C7F3A422A6CC61 /* [CP] Check Pods Manifest.lock */ = {
			isa = PBXShellScriptBuildPhase;
			buildActionMask = 2147483647;
			files = (
			);
			inputFileListPaths = (
			);
			inputPaths = (
				"${PODS_PODFILE_DIR_PATH}/Podfile.lock",
				"${PODS_ROOT}/Manifest.lock",
			);
			name = "[CP] Check Pods Manifest.lock";
			outputFileListPaths = (
			);
			outputPaths = (
				"$(DERIVED_FILE_DIR)/Pods-CoffeeShop-CoffeeShopTests-checkManifestLockResult.txt",
			);
			runOnlyForDeploymentPostprocessing = 0;
			shellPath = /bin/sh;
			shellScript = "diff \"${PODS_PODFILE_DIR_PATH}/Podfile.lock\" \"${PODS_ROOT}/Manifest.lock\" > /dev/null\nif [ $? != 0 ] ; then\n    # print error to STDERR\n    echo \"error: The sandbox is not in sync with the Podfile.lock. Run 'pod install' or update your CocoaPods installation.\" >&2\n    exit 1\nfi\n# This output is used by Xcode 'outputs' to avoid re-running this script phase.\necho \"SUCCESS\" > \"${SCRIPT_OUTPUT_FILE_0}\"\n";
			showEnvVarsInLog = 0;
		};
		C38B50BA6285516D6DCD4F65 /* [CP] Check Pods Manifest.lock */ = {
			isa = PBXShellScriptBuildPhase;
			buildActionMask = 2147483647;
			files = (
			);
			inputFileListPaths = (
			);
			inputPaths = (
				"${PODS_PODFILE_DIR_PATH}/Podfile.lock",
				"${PODS_ROOT}/Manifest.lock",
			);
			name = "[CP] Check Pods Manifest.lock";
			outputFileListPaths = (
			);
			outputPaths = (
				"$(DERIVED_FILE_DIR)/Pods-CoffeeShop-checkManifestLockResult.txt",
			);
			runOnlyForDeploymentPostprocessing = 0;
			shellPath = /bin/sh;
			shellScript = "diff \"${PODS_PODFILE_DIR_PATH}/Podfile.lock\" \"${PODS_ROOT}/Manifest.lock\" > /dev/null\nif [ $? != 0 ] ; then\n    # print error to STDERR\n    echo \"error: The sandbox is not in sync with the Podfile.lock. Run 'pod install' or update your CocoaPods installation.\" >&2\n    exit 1\nfi\n# This output is used by Xcode 'outputs' to avoid re-running this script phase.\necho \"SUCCESS\" > \"${SCRIPT_OUTPUT_FILE_0}\"\n";
			showEnvVarsInLog = 0;
		};
		C59DA0FBD6956966B86A3779 /* [CP] Embed Pods Frameworks */ = {
			isa = PBXShellScriptBuildPhase;
			buildActionMask = 2147483647;
			files = (
			);
			inputFileListPaths = (
				"${PODS_ROOT}/Target Support Files/Pods-CoffeeShop-CoffeeShopTests/Pods-CoffeeShop-CoffeeShopTests-frameworks-${CONFIGURATION}-input-files.xcfilelist",
			);
			name = "[CP] Embed Pods Frameworks";
			outputFileListPaths = (
				"${PODS_ROOT}/Target Support Files/Pods-CoffeeShop-CoffeeShopTests/Pods-CoffeeShop-CoffeeShopTests-frameworks-${CONFIGURATION}-output-files.xcfilelist",
			);
			runOnlyForDeploymentPostprocessing = 0;
			shellPath = /bin/sh;
			shellScript = "\"${PODS_ROOT}/Target Support Files/Pods-CoffeeShop-CoffeeShopTests/Pods-CoffeeShop-CoffeeShopTests-frameworks.sh\"\n";
			showEnvVarsInLog = 0;
		};
		E235C05ADACE081382539298 /* [CP] Copy Pods Resources */ = {
			isa = PBXShellScriptBuildPhase;
			buildActionMask = 2147483647;
			files = (
			);
			inputFileListPaths = (
				"${PODS_ROOT}/Target Support Files/Pods-CoffeeShop/Pods-CoffeeShop-resources-${CONFIGURATION}-input-files.xcfilelist",
			);
			name = "[CP] Copy Pods Resources";
			outputFileListPaths = (
				"${PODS_ROOT}/Target Support Files/Pods-CoffeeShop/Pods-CoffeeShop-resources-${CONFIGURATION}-output-files.xcfilelist",
			);
			runOnlyForDeploymentPostprocessing = 0;
			shellPath = /bin/sh;
			shellScript = "\"${PODS_ROOT}/Target Support Files/Pods-CoffeeShop/Pods-CoffeeShop-resources.sh\"\n";
			showEnvVarsInLog = 0;
		};
		F6A41C54EA430FDDC6A6ED99 /* [CP] Copy Pods Resources */ = {
			isa = PBXShellScriptBuildPhase;
			buildActionMask = 2147483647;
			files = (
			);
			inputFileListPaths = (
				"${PODS_ROOT}/Target Support Files/Pods-CoffeeShop-CoffeeShopTests/Pods-CoffeeShop-CoffeeShopTests-resources-${CONFIGURATION}-input-files.xcfilelist",
			);
			name = "[CP] Copy Pods Resources";
			outputFileListPaths = (
				"${PODS_ROOT}/Target Support Files/Pods-CoffeeShop-CoffeeShopTests/Pods-CoffeeShop-CoffeeShopTests-resources-${CONFIGURATION}-output-files.xcfilelist",
			);
			runOnlyForDeploymentPostprocessing = 0;
			shellPath = /bin/sh;
			shellScript = "\"${PODS_ROOT}/Target Support Files/Pods-CoffeeShop-CoffeeShopTests/Pods-CoffeeShop-CoffeeShopTests-resources.sh\"\n";
			showEnvVarsInLog = 0;
		};
		FD10A7F022414F080027D42C /* Start Packager */ = {
			isa = PBXShellScriptBuildPhase;
			buildActionMask = 2147483647;
			files = (
			);
			inputFileListPaths = (
			);
			inputPaths = (
			);
			name = "Start Packager";
			outputFileListPaths = (
			);
			outputPaths = (
			);
			runOnlyForDeploymentPostprocessing = 0;
			shellPath = /bin/sh;
			shellScript = "if [[ -f \"$PODS_ROOT/../.xcode.env\" ]]; then\n  source \"$PODS_ROOT/../.xcode.env\"\nfi\nif [[ -f \"$PODS_ROOT/../.xcode.env.local\" ]]; then\n  source \"$PODS_ROOT/../.xcode.env.local\"\nfi\n\nexport RCT_METRO_PORT=\"${RCT_METRO_PORT:=8081}\"\necho \"export RCT_METRO_PORT=${RCT_METRO_PORT}\" > `$NODE_BINARY --print \"require('path').dirname(require.resolve('react-native/package.json')) + '/scripts/.packager.env'\"`\nif [ -z \"${RCT_NO_LAUNCH_PACKAGER+xxx}\" ] ; then\n  if nc -w 5 -z localhost ${RCT_METRO_PORT} ; then\n    if ! curl -s \"http://localhost:${RCT_METRO_PORT}/status\" | grep -q \"packager-status:running\" ; then\n      echo \"Port ${RCT_METRO_PORT} already in use, packager is either not running or not running correctly\"\n      exit 2\n    fi\n  else\n    open `$NODE_BINARY --print \"require('path').dirname(require.resolve('expo/package.json')) + '/scripts/launchPackager.command'\"` || echo \"Can't start packager automatically\"\n  fi\nfi\n";
			showEnvVarsInLog = 0;
		};
/* End PBXShellScriptBuildPhase section */

/* Begin PBXSourcesBuildPhase section */
		00E356EA1AD99517003FC87E /* Sources */ = {
			isa = PBXSourcesBuildPhase;
			buildActionMask = 2147483647;
			files = (
				00E356F31AD99517003FC87E /* CoffeeShopTests.m in Sources */,
			);
			runOnlyForDeploymentPostprocessing = 0;
		};
		13B07F871A680F5B00A75B9A /* Sources */ = {
			isa = PBXSourcesBuildPhase;
			buildActionMask = 2147483647;
			files = (
				13B07FBC1A68108700A75B9A /* AppDelegate.mm in Sources */,
				13B07FC11A68108700A75B9A /* main.m in Sources */,
			);
			runOnlyForDeploymentPostprocessing = 0;
		};
/* End PBXSourcesBuildPhase section */

/* Begin PBXTargetDependency section */
		00E356F51AD99517003FC87E /* PBXTargetDependency */ = {
			isa = PBXTargetDependency;
			target = 13B07F861A680F5B00A75B9A /* CoffeeShop */;
			targetProxy = 00E356F41AD99517003FC87E /* PBXContainerItemProxy */;
		};
/* End PBXTargetDependency section */

/* Begin XCBuildConfiguration section */
		00E356F61AD99517003FC87E /* Debug */ = {
			isa = XCBuildConfiguration;
			baseConfigurationReference = 5B7EB9410499542E8C5724F5 /* Pods-CoffeeShop-CoffeeShopTests.debug.xcconfig */;
			buildSettings = {
				BUNDLE_LOADER = "$(TEST_HOST)";
				GCC_PREPROCESSOR_DEFINITIONS = (
					"DEBUG=1",
					"$(inherited)",
				);
				INFOPLIST_FILE = CoffeeShopTests/Info.plist;
				IPHONEOS_DEPLOYMENT_TARGET = 13.0;
				LD_RUNPATH_SEARCH_PATHS = (
					"$(inherited)",
					"@executable_path/Frameworks",
					"@loader_path/Frameworks",
				);
				OTHER_LDFLAGS = (
					"-ObjC",
					"-lc++",
					"$(inherited)",
				);
				PRODUCT_BUNDLE_IDENTIFIER = "org.reactjs.native.example.$(PRODUCT_NAME:rfc1034identifier)";
				PRODUCT_NAME = "$(TARGET_NAME)";
				TEST_HOST = "$(BUILT_PRODUCTS_DIR)/CoffeeShop.app/CoffeeShop";
			};
			name = Debug;
		};
		00E356F71AD99517003FC87E /* Release */ = {
			isa = XCBuildConfiguration;
			baseConfigurationReference = 89C6BE57DB24E9ADA2F236DE /* Pods-CoffeeShop-CoffeeShopTests.release.xcconfig */;
			buildSettings = {
				BUNDLE_LOADER = "$(TEST_HOST)";
				COPY_PHASE_STRIP = NO;
				INFOPLIST_FILE = CoffeeShopTests/Info.plist;
				IPHONEOS_DEPLOYMENT_TARGET = 13.0;
				LD_RUNPATH_SEARCH_PATHS = (
					"$(inherited)",
					"@executable_path/Frameworks",
					"@loader_path/Frameworks",
				);
				OTHER_LDFLAGS = (
					"-ObjC",
					"-lc++",
					"$(inherited)",
				);
				PRODUCT_BUNDLE_IDENTIFIER = "org.reactjs.native.example.$(PRODUCT_NAME:rfc1034identifier)";
				PRODUCT_NAME = "$(TARGET_NAME)";
				TEST_HOST = "$(BUILT_PRODUCTS_DIR)/CoffeeShop.app/CoffeeShop";
			};
			name = Release;
		};
		13B07F941A680F5B00A75B9A /* Debug */ = {
			isa = XCBuildConfiguration;
			baseConfigurationReference = 3B4392A12AC88292D35C810B /* Pods-CoffeeShop.debug.xcconfig */;
			buildSettings = {
				ASSETCATALOG_COMPILER_APPICON_NAME = AppIcon;
				CLANG_ENABLE_MODULES = YES;
				CURRENT_PROJECT_VERSION = 1;
				ENABLE_BITCODE = NO;
				INFOPLIST_FILE = CoffeeShop/Info.plist;
				LD_RUNPATH_SEARCH_PATHS = (
					"$(inherited)",
					"@executable_path/Frameworks",
				);
				MARKETING_VERSION = 1.0;
				OTHER_LDFLAGS = (
					"$(inherited)",
					"-ObjC",
					"-lc++",
				);
				PRODUCT_BUNDLE_IDENTIFIER = "org.reactjs.native.example.$(PRODUCT_NAME:rfc1034identifier)";
				PRODUCT_NAME = CoffeeShop;
				SWIFT_OPTIMIZATION_LEVEL = "-Onone";
				SWIFT_VERSION = 5.0;
				VERSIONING_SYSTEM = "apple-generic";
			};
			name = Debug;
		};
		13B07F951A680F5B00A75B9A /* Release */ = {
			isa = XCBuildConfiguration;
			baseConfigurationReference = 5709B34CF0A7D63546082F79 /* Pods-CoffeeShop.release.xcconfig */;
			buildSettings = {
				ASSETCATALOG_COMPILER_APPICON_NAME = AppIcon;
				CLANG_ENABLE_MODULES = YES;
				CURRENT_PROJECT_VERSION = 1;
				INFOPLIST_FILE = CoffeeShop/Info.plist;
				LD_RUNPATH_SEARCH_PATHS = (
					"$(inherited)",
					"@executable_path/Frameworks",
				);
				MARKETING_VERSION = 1.0;
				OTHER_LDFLAGS = (
					"$(inherited)",
					"-ObjC",
					"-lc++",
				);
				PRODUCT_BUNDLE_IDENTIFIER = "org.reactjs.native.example.$(PRODUCT_NAME:rfc1034identifier)";
				PRODUCT_NAME = CoffeeShop;
				SWIFT_VERSION = 5.0;
				VERSIONING_SYSTEM = "apple-generic";
			};
			name = Release;
		};
		83CBBA201A601CBA00E9B192 /* Debug */ = {
			isa = XCBuildConfiguration;
			buildSettings = {
				ALWAYS_SEARCH_USER_PATHS = NO;
				CLANG_ANALYZER_LOCALIZABILITY_NONLOCALIZED = YES;
				CLANG_CXX_LANGUAGE_STANDARD = "c++17";
				CLANG_CXX_LIBRARY = "libc++";
				CLANG_ENABLE_MODULES = YES;
				CLANG_ENABLE_OBJC_ARC = YES;
				CLANG_WARN_BLOCK_CAPTURE_AUTORELEASING = YES;
				CLANG_WARN_BOOL_CONVERSION = YES;
				CLANG_WARN_COMMA = YES;
				CLANG_WARN_CONSTANT_CONVERSION = YES;
				CLANG_WARN_DEPRECATED_OBJC_IMPLEMENTATIONS = YES;
				CLANG_WARN_DIRECT_OBJC_ISA_USAGE = YES_ERROR;
				CLANG_WARN_EMPTY_BODY = YES;
				CLANG_WARN_ENUM_CONVERSION = YES;
				CLANG_WARN_INFINITE_RECURSION = YES;
				CLANG_WARN_INT_CONVERSION = YES;
				CLANG_WARN_NON_LITERAL_NULL_CONVERSION = YES;
				CLANG_WARN_OBJC_IMPLICIT_RETAIN_SELF = YES;
				CLANG_WARN_OBJC_LITERAL_CONVERSION = YES;
				CLANG_WARN_OBJC_ROOT_CLASS = YES_ERROR;
				CLANG_WARN_QUOTED_INCLUDE_IN_FRAMEWORK_HEADER = YES;
				CLANG_WARN_RANGE_LOOP_ANALYSIS = YES;
				CLANG_WARN_STRICT_PROTOTYPES = YES;
				CLANG_WARN_SUSPICIOUS_MOVE = YES;
				CLANG_WARN_UNREACHABLE_CODE = YES;
				CLANG_WARN__DUPLICATE_METHOD_MATCH = YES;
				"CODE_SIGN_IDENTITY[sdk=iphoneos*]" = "iPhone Developer";
				COPY_PHASE_STRIP = NO;
				ENABLE_STRICT_OBJC_MSGSEND = YES;
				ENABLE_TESTABILITY = YES;
				"EXCLUDED_ARCHS[sdk=iphonesimulator*]" = "";
				GCC_C_LANGUAGE_STANDARD = gnu99;
				GCC_DYNAMIC_NO_PIC = NO;
				GCC_NO_COMMON_BLOCKS = YES;
				GCC_OPTIMIZATION_LEVEL = 0;
				GCC_PREPROCESSOR_DEFINITIONS = (
					"DEBUG=1",
					"$(inherited)",
				);
				GCC_SYMBOLS_PRIVATE_EXTERN = NO;
				GCC_WARN_64_TO_32_BIT_CONVERSION = YES;
				GCC_WARN_ABOUT_RETURN_TYPE = YES_ERROR;
				GCC_WARN_UNDECLARED_SELECTOR = YES;
				GCC_WARN_UNINITIALIZED_AUTOS = YES_AGGRESSIVE;
				GCC_WARN_UNUSED_FUNCTION = YES;
				GCC_WARN_UNUSED_VARIABLE = YES;
				IPHONEOS_DEPLOYMENT_TARGET = 13.0;
				LD_RUNPATH_SEARCH_PATHS = (
					/usr/lib/swift,
					"$(inherited)",
				);
				LIBRARY_SEARCH_PATHS = (
					"\"$(SDKROOT)/usr/lib/swift\"",
					"\"$(TOOLCHAIN_DIR)/usr/lib/swift/$(PLATFORM_NAME)\"",
					"\"$(inherited)\"",
				);
				MTL_ENABLE_DEBUG_INFO = YES;
				ONLY_ACTIVE_ARCH = YES;
				OTHER_CPLUSPLUSFLAGS = (
					"$(OTHER_CFLAGS)",
					"-DFOLLY_NO_CONFIG",
					"-DFOLLY_MOBILE=1",
					"-DFOLLY_USE_LIBCPP=1",
				);
				SDKROOT = iphoneos;
			};
			name = Debug;
		};
		83CBBA211A601CBA00E9B192 /* Release */ = {
			isa = XCBuildConfiguration;
			buildSettings = {
				ALWAYS_SEARCH_USER_PATHS = NO;
				CLANG_ANALYZER_LOCALIZABILITY_NONLOCALIZED = YES;
				CLANG_CXX_LANGUAGE_STANDARD = "c++17";
				CLANG_CXX_LIBRARY = "libc++";
				CLANG_ENABLE_MODULES = YES;
				CLANG_ENABLE_OBJC_ARC = YES;
				CLANG_WARN_BLOCK_CAPTURE_AUTORELEASING = YES;
				CLANG_WARN_BOOL_CONVERSION = YES;
				CLANG_WARN_COMMA = YES;
				CLANG_WARN_CONSTANT_CONVERSION = YES;
				CLANG_WARN_DEPRECATED_OBJC_IMPLEMENTATIONS = YES;
				CLANG_WARN_DIRECT_OBJC_ISA_USAGE = YES_ERROR;
				CLANG_WARN_EMPTY_BODY = YES;
				CLANG_WARN_ENUM_CONVERSION = YES;
				CLANG_WARN_INFINITE_RECURSION = YES;
				CLANG_WARN_INT_CONVERSION = YES;
				CLANG_WARN_NON_LITERAL_NULL_CONVERSION = YES;
				CLANG_WARN_OBJC_IMPLICIT_RETAIN_SELF = YES;
				CLANG_WARN_OBJC_LITERAL_CONVERSION = YES;
				CLANG_WARN_OBJC_ROOT_CLASS = YES_ERROR;
				CLANG_WARN_QUOTED_INCLUDE_IN_FRAMEWORK_HEADER = YES;
				CLANG_WARN_RANGE_LOOP_ANALYSIS = YES;
				CLANG_WARN_STRICT_PROTOTYPES = YES;
				CLANG_WARN_SUSPICIOUS_MOVE = YES;
				CLANG_WARN_UNREACHABLE_CODE = YES;
				CLANG_WARN__DUPLICATE_METHOD_MATCH = YES;
				"CODE_SIGN_IDENTITY[sdk=iphoneos*]" = "iPhone Developer";
				COPY_PHASE_STRIP = YES;
				ENABLE_NS_ASSERTIONS = NO;
				ENABLE_STRICT_OBJC_MSGSEND = YES;
				"EXCLUDED_ARCHS[sdk=iphonesimulator*]" = "";
				GCC_C_LANGUAGE_STANDARD = gnu99;
				GCC_NO_COMMON_BLOCKS = YES;
				GCC_WARN_64_TO_32_BIT_CONVERSION = YES;
				GCC_WARN_ABOUT_RETURN_TYPE = YES_ERROR;
				GCC_WARN_UNDECLARED_SELECTOR = YES;
				GCC_WARN_UNINITIALIZED_AUTOS = YES_AGGRESSIVE;
				GCC_WARN_UNUSED_FUNCTION = YES;
				GCC_WARN_UNUSED_VARIABLE = YES;
				IPHONEOS_DEPLOYMENT_TARGET = 13.0;
				LD_RUNPATH_SEARCH_PATHS = (
					/usr/lib/swift,
					"$(inherited)",
				);
				LIBRARY_SEARCH_PATHS = (
					"\"$(SDKROOT)/usr/lib/swift\"",
					"\"$(TOOLCHAIN_DIR)/usr/lib/swift/$(PLATFORM_NAME)\"",
					"\"$(inherited)\"",
				);
				MTL_ENABLE_DEBUG_INFO = NO;
				OTHER_CPLUSPLUSFLAGS = (
					"$(OTHER_CFLAGS)",
					"-DFOLLY_NO_CONFIG",
					"-DFOLLY_MOBILE=1",
					"-DFOLLY_USE_LIBCPP=1",
				);
				SDKROOT = iphoneos;
				VALIDATE_PRODUCT = YES;
			};
			name = Release;
		};
/* End XCBuildConfiguration section */

/* Begin XCConfigurationList section */
		00E357021AD99517003FC87E /* Build configuration list for PBXNativeTarget "CoffeeShopTests" */ = {
			isa = XCConfigurationList;
			buildConfigurations = (
				00E356F61AD99517003FC87E /* Debug */,
				00E356F71AD99517003FC87E /* Release */,
			);
			defaultConfigurationIsVisible = 0;
			defaultConfigurationName = Release;
		};
		13B07F931A680F5B00A75B9A /* Build configuration list for PBXNativeTarget "CoffeeShop" */ = {
			isa = XCConfigurationList;
			buildConfigurations = (
				13B07F941A680F5B00A75B9A /* Debug */,
				13B07F951A680F5B00A75B9A /* Release */,
			);
			defaultConfigurationIsVisible = 0;
			defaultConfigurationName = Release;
		};
		83CBB9FA1A601CBA00E9B192 /* Build configuration list for PBXProject "CoffeeShop" */ = {
			isa = XCConfigurationList;
			buildConfigurations = (
				83CBBA201A601CBA00E9B192 /* Debug */,
				83CBBA211A601CBA00E9B192 /* Release */,
			);
			defaultConfigurationIsVisible = 0;
			defaultConfigurationName = Release;
		};
/* End XCConfigurationList section */
	};
	rootObject = 83CBB9F71A601CBA00E9B192;
}
